
Microsoft Visual Studio Solution File, Format Version 12.00
# Visual Studio Version 17
VisualStudioVersion = 17.0.31919.166
MinimumVisualStudioVersion = 10.0.40219.1
Project("{9A19103F-16F7-4668-BE54-9A1E7A4F7556}") = "Trivia", "Trivia\Trivia.csproj", "{AB5F467D-5B72-4C09-A1B7-1D9465EB1078}"
EndProject
Project("{9A19103F-16F7-4668-BE54-9A1E7A4F7556}") = "TriviaTest", "TriviaTest\TriviaTest.csproj", "{D59F13E9-4815-4AE7-AF1B-51E7E17EA751}"
EndProject
Project("{9A19103F-16F7-4668-BE54-9A1E7A4F7556}") = "Stepsons", "Stepsons\Stepsons.csproj", "{0FD5B449-92B7-416A-BC46-660AB4F486BF}"
EndProject
Project("{9A19103F-16F7-4668-BE54-9A1E7A4F7556}") = "GildedRose", "GildedRose\GildedRose.csproj", "{22156580-3E96-4988-B5A3-42771945997C}"
EndProject
Global
	GlobalSection(SolutionConfigurationPlatforms) = preSolution
		Debug|Any CPU = Debug|Any CPU
		Release|Any CPU = Release|Any CPU
	EndGlobalSection
	GlobalSection(ProjectConfigurationPlatforms) = postSolution
		{AB5F467D-5B72-4C09-A1B7-1D9465EB1078}.Debug|Any CPU.ActiveCfg = Debug|Any CPU
		{AB5F467D-5B72-4C09-A1B7-1D9465EB1078}.Debug|Any CPU.Build.0 = Debug|Any CPU
		{AB5F467D-5B72-4C09-A1B7-1D9465EB1078}.Release|Any CPU.ActiveCfg = Release|Any CPU
		{AB5F467D-5B72-4C09-A1B7-1D9465EB1078}.Release|Any CPU.Build.0 = Release|Any CPU
		{D59F13E9-4815-4AE7-AF1B-51E7E17EA751}.Debug|Any CPU.ActiveCfg = Debug|Any CPU
		{D59F13E9-4815-4AE7-AF1B-51E7E17EA751}.Debug|Any CPU.Build.0 = Debug|Any CPU
		{D59F13E9-4815-4AE7-AF1B-51E7E17EA751}.Release|Any CPU.ActiveCfg = Release|Any CPU
		{D59F13E9-4815-4AE7-AF1B-51E7E17EA751}.Release|Any CPU.Build.0 = Release|Any CPU
		{0FD5B449-92B7-416A-BC46-660AB4F486BF}.Debug|Any CPU.ActiveCfg = Debug|Any CPU
		{0FD5B449-92B7-416A-BC46-660AB4F486BF}.Debug|Any CPU.Build.0 = Debug|Any CPU
		{0FD5B449-92B7-416A-BC46-660AB4F486BF}.Release|Any CPU.ActiveCfg = Release|Any CPU
		{0FD5B449-92B7-416A-BC46-660AB4F486BF}.Release|Any CPU.Build.0 = Release|Any CPU
		{22156580-3E96-4988-B5A3-42771945997C}.Debug|Any CPU.ActiveCfg = Debug|Any CPU
		{22156580-3E96-4988-B5A3-42771945997C}.Debug|Any CPU.Build.0 = Debug|Any CPU
		{22156580-3E96-4988-B5A3-42771945997C}.Release|Any CPU.ActiveCfg = Release|Any CPU
		{22156580-3E96-4988-B5A3-42771945997C}.Release|Any CPU.Build.0 = Release|Any CPU
	EndGlobalSection
	GlobalSection(SolutionProperties) = preSolution
		HideSolutionNode = FALSE
	EndGlobalSection
	GlobalSection(ExtensibilityGlobals) = postSolution
		SolutionGuid = {7D0E1AB9-E2B8-454A-A7BB-E8B9F8FC8272}
	EndGlobalSection
EndGlobal
